
Microsoft Visual Studio Solution File, Format Version 12.00
# Visual Studio Version 17
VisualStudioVersion = 17.3.32929.385
MinimumVisualStudioVersion = 10.0.40219.1
Project("{FAE04EC0-301F-11D3-BF4B-00C04F79EFBC}") = "HerancaMultipla", "HerancaMultipla\HerancaMultipla.csproj", "{CEC7EF86-3B03-4A68-9D57-07EF4DA89A5C}"
EndProject
Global
	GlobalSection(SolutionConfigurationPlatforms) = preSolution
		Debug|Any CPU = Debug|Any CPU
		Release|Any CPU = Release|Any CPU
	EndGlobalSection
	GlobalSection(ProjectConfigurationPlatforms) = postSolution
		{CEC7EF86-3B03-4A68-9D57-07EF4DA89A5C}.Debug|Any CPU.ActiveCfg = Debug|Any CPU
		{CEC7EF86-3B03-4A68-9D57-07EF4DA89A5C}.Debug|Any CPU.Build.0 = Debug|Any CPU
		{CEC7EF86-3B03-4A68-9D57-07EF4DA89A5C}.Release|Any CPU.ActiveCfg = Release|Any CPU
		{CEC7EF86-3B03-4A68-9D57-07EF4DA89A5C}.Release|Any CPU.Build.0 = Release|Any CPU
	EndGlobalSection
	GlobalSection(SolutionProperties) = preSolution
		HideSolutionNode = FALSE
	EndGlobalSection
	GlobalSection(ExtensibilityGlobals) = postSolution
		SolutionGuid = {1912A990-84AB-4F35-A532-310E17C8C892}
	EndGlobalSection
EndGlobal
